PODS:
  - Alamofire (3.3.0)
  - MBProgressHUD (0.9.2)
  - MJRefresh (3.1.0)
  - OAuthSwift (0.5.1)
  - SnapKit (0.19.1)
  - SwiftyJSON (2.3.2)

DEPENDENCIES:
  - Alamofire (~> 3.0)
  - MBProgressHUD (~> 0.9.2)
  - MJRefresh (~> 3.1.0)
  - OAuthSwift
  - SnapKit (~> 0.19.1)
  - SwiftyJSON

SPEC CHECKSUMS:
  Alamofire: 9054db4a1b1ca9e363223183e01cea380159a27c
  MBProgressHUD: 1569cf7ace17a8bac47aabfbb8580a49690386d1
  MJRefresh: 743e6404967d1c2c688472ea3ecfde247d872db4
  OAuthSwift: d63f7f329f49787319a7e35974c18b10865fe636
  SnapKit: eff58d6e3451bf2f482db2eccf86aecf371dc62d
  SwiftyJSON: 04ccea08915aa0109039157c7974cf0298da292a

COCOAPODS: 0.39.0
